<?xml version="1.0" encoding="utf-8"?>
<Project ToolsVersion="4.0" xmlns="http://schemas.microsoft.com/developer/msbuild/2003">
  <ItemGroup>
    <ClCompile Include="GLFWCallbacks.cpp">
      <Filter>Engine</Filter>
    </ClCompile>
    <ClCompile Include="LineRenderer.cpp">
      <Filter>Engine</Filter>
    </ClCompile>
    <ClCompile Include="ShaderProgram.cpp">
      <Filter>Engine</Filter>
    </ClCompile>
    <ClCompile Include="Utilities.cpp">
      <Filter>Engine</Filter>
    </ClCompile>
    <ClCompile Include="glad.c">
      <Filter>ThirdParty\GLAD</Filter>
    </ClCompile>
    <ClCompile Include="ApplicationHarness.cpp">
      <Filter>Engine</Filter>
    </ClCompile>
    <ClCompile Include="..\imgui\imgui.cpp">
      <Filter>ThirdParty\imgui</Filter>
    </ClCompile>
    <ClCompile Include="..\imgui\imgui_demo.cpp">
      <Filter>ThirdParty\imgui</Filter>
    </ClCompile>
    <ClCompile Include="..\imgui\imgui_draw.cpp">
      <Filter>ThirdParty\imgui</Filter>
    </ClCompile>
    <ClCompile Include="..\imgui\imgui_impl_glfw.cpp">
      <Filter>ThirdParty\imgui</Filter>
    </ClCompile>
    <ClCompile Include="..\imgui\imgui_impl_opengl3.cpp">
      <Filter>ThirdParty\imgui</Filter>
    </ClCompile>
    <ClCompile Include="..\imgui\imgui_tables.cpp">
      <Filter>ThirdParty\imgui</Filter>
    </ClCompile>
    <ClCompile Include="..\imgui\imgui_widgets.cpp">
      <Filter>ThirdParty\imgui</Filter>
    </ClCompile>
    <ClCompile Include="EntryPoint.cpp" />
    <ClCompile Include="CollisionFramework.cpp">
      <Filter>Game\CollisionFramework</Filter>
    </ClCompile>
    <ClCompile Include="Circle.cpp">
      <Filter>Game\CollisionFramework</Filter>
    </ClCompile>
    <ClCompile Include="CollisionData.cpp">
      <Filter>Game\CollisionFramework</Filter>
    </ClCompile>
    <ClCompile Include="CollisionFunctions.cpp">
      <Filter>Game\CollisionFramework</Filter>
    </ClCompile>
    <ClCompile Include="AABB.cpp">
      <Filter>Game\CollisionFramework</Filter>
    </ClCompile>
    <ClCompile Include="Plane.cpp">
      <Filter>Game\CollisionFramework</Filter>
    </ClCompile>
    <ClCompile Include="Shape.cpp">
      <Filter>Game\CollisionFramework</Filter>
    </ClCompile>
    <ClCompile Include="Spawner.cpp">
      <Filter>Game\CollisionFramework</Filter>
    </ClCompile>
    <ClCompile Include="ConvexPolygon.cpp">
      <Filter>Game\CollisionFramework</Filter>
    </ClCompile>
    <ClCompile Include="Toolbox.cpp">
      <Filter>Game\CollisionFramework\Toolbox</Filter>
    </ClCompile>
    <ClCompile Include="SpawnerTool.cpp">
      <Filter>Game\CollisionFramework\Toolbox</Filter>
    </ClCompile>
    <ClCompile Include="PlaneDrawerTool.h">
      <Filter>Game\CollisionFramework\Toolbox</Filter>
    </ClCompile>
    <ClCompile Include="PlaneDrawerTool.cpp">
      <Filter>Game\CollisionFramework\Toolbox</Filter>
    </ClCompile>
    <ClCompile Include="SlicerTool.cpp">
      <Filter>Game\CollisionFramework\Toolbox</Filter>
    </ClCompile>
  </ItemGroup>
  <ItemGroup>
    <ClInclude Include="GLFWCallbacks.h">
      <Filter>Engine</Filter>
    </ClInclude>
    <ClInclude Include="Graphics.h">
      <Filter>Engine</Filter>
    </ClInclude>
    <ClInclude Include="LineRenderer.h">
      <Filter>Engine</Filter>
    </ClInclude>
    <ClInclude Include="Maths.h">
      <Filter>Engine</Filter>
    </ClInclude>
    <ClInclude Include="ShaderProgram.h">
      <Filter>Engine</Filter>
    </ClInclude>
    <ClInclude Include="Utilities.h">
      <Filter>Engine</Filter>
    </ClInclude>
    <ClInclude Include="khrplatform.h">
      <Filter>ThirdParty\GLAD</Filter>
    </ClInclude>
    <ClInclude Include="glad.h">
      <Filter>ThirdParty\GLAD</Filter>
    </ClInclude>
    <ClInclude Include="ApplicationHarness.h">
      <Filter>Engine</Filter>
    </ClInclude>
    <ClInclude Include="..\imgui\dirent.h">
      <Filter>ThirdParty\imgui</Filter>
    </ClInclude>
    <ClInclude Include="..\imgui\imconfig.h">
      <Filter>ThirdParty\imgui</Filter>
    </ClInclude>
    <ClInclude Include="..\imgui\imgui.h">
      <Filter>ThirdParty\imgui</Filter>
    </ClInclude>
    <ClInclude Include="..\imgui\imgui_impl_glfw.h">
      <Filter>ThirdParty\imgui</Filter>
    </ClInclude>
    <ClInclude Include="..\imgui\imgui_impl_opengl3.h">
      <Filter>ThirdParty\imgui</Filter>
    </ClInclude>
    <ClInclude Include="..\imgui\imgui_impl_opengl3_loader.h">
      <Filter>ThirdParty\imgui</Filter>
    </ClInclude>
    <ClInclude Include="..\imgui\imgui_internal.h">
      <Filter>ThirdParty\imgui</Filter>
    </ClInclude>
    <ClInclude Include="..\imgui\imstb_rectpack.h">
      <Filter>ThirdParty\imgui</Filter>
    </ClInclude>
    <ClInclude Include="..\imgui\imstb_textedit.h">
      <Filter>ThirdParty\imgui</Filter>
    </ClInclude>
    <ClInclude Include="..\imgui\imstb_truetype.h">
      <Filter>ThirdParty\imgui</Filter>
    </ClInclude>
    <ClInclude Include="Application.h">
      <Filter>Engine</Filter>
    </ClInclude>
    <ClInclude Include="CollisionFramework.h">
      <Filter>Game\CollisionFramework</Filter>
    </ClInclude>
    <ClInclude Include="CollisionData.h">
      <Filter>Game\CollisionFramework</Filter>
    </ClInclude>
    <ClInclude Include="Circle.h">
      <Filter>Game\CollisionFramework</Filter>
    </ClInclude>
    <ClInclude Include="CollisionFunctions.h">
      <Filter>Game\CollisionFramework</Filter>
    </ClInclude>
    <ClInclude Include="Shape.h">
      <Filter>Game\CollisionFramework</Filter>
    </ClInclude>
    <ClInclude Include="AABB.h">
      <Filter>Game\CollisionFramework</Filter>
    </ClInclude>
    <ClInclude Include="Plane.h">
      <Filter>Game\CollisionFramework</Filter>
    </ClInclude>
    <ClInclude Include="Spawner.h">
      <Filter>Game\CollisionFramework</Filter>
    </ClInclude>
    <ClInclude Include="ConvexPolygon.h">
      <Filter>Game\CollisionFramework</Filter>
    </ClInclude>
    <ClInclude Include="Toolbox.h">
      <Filter>Game\CollisionFramework\Toolbox</Filter>
    </ClInclude>
    <ClInclude Include="Tool.h">
      <Filter>Game\CollisionFramework\Toolbox</Filter>
    </ClInclude>
    <ClInclude Include="SpawnerTool.h">
      <Filter>Game\CollisionFramework\Toolbox</Filter>
    </ClInclude>
    <ClInclude Include="CircleSpawnerTool.h">
      <Filter>Game\CollisionFramework\Toolbox</Filter>
    </ClInclude>
    <ClInclude Include="BoxSpawnerTool.h">
      <Filter>Game\CollisionFramework\Toolbox</Filter>
    </ClInclude>
    <ClInclude Include="PolySpawnerTool.h">
      <Filter>Game\CollisionFramework\Toolbox</Filter>
    </ClInclude>
    <ClInclude Include="SlicerTool.h">
      <Filter>Game\CollisionFramework\Toolbox</Filter>
    </ClInclude>
  </ItemGroup>
  <ItemGroup>
    <Filter Include="Engine">
      <UniqueIdentifier>{3d6baaba-2f6a-4fc5-b50b-bcb0af684f29}</UniqueIdentifier>
    </Filter>
    <Filter Include="ThirdParty">
      <UniqueIdentifier>{0f9d38f9-fdd1-499b-aa4c-526e98d64cbd}</UniqueIdentifier>
    </Filter>
    <Filter Include="Game">
      <UniqueIdentifier>{7f3b6525-bfba-422f-8a18-4ee5a425e5f1}</UniqueIdentifier>
    </Filter>
    <Filter Include="ThirdParty\GLAD">
      <UniqueIdentifier>{1cbc7840-59f8-473d-bc4c-998fc7756698}</UniqueIdentifier>
    </Filter>
    <Filter Include="ThirdParty\imgui">
      <UniqueIdentifier>{af08b8df-298e-486a-bd88-f49c10c0050b}</UniqueIdentifier>
    </Filter>
    <Filter Include="Game\CollisionFramework">
      <UniqueIdentifier>{2aa2367d-b489-4f53-80ae-b9e885e523b7}</UniqueIdentifier>
    </Filter>
    <Filter Include="Game\CollisionFramework\Toolbox">
      <UniqueIdentifier>{6ff95956-049f-4375-9dd8-a93e86b24a4f}</UniqueIdentifier>
    </Filter>
  </ItemGroup>
</Project>